<?xml version="1.0"?>
<plist version="1.0">
	<dict>
		<key>archiveVersion</key>
		<string>1</string>
		<key>classes</key>
		<dict />
		<key>objectVersion</key>
		<string>46</string>
		<key>objects</key>
		<dict>
			<key>821159A073ABA066739FD401</key>
			<dict>
				<key>children</key>
				<array>
					<string>D58DCB2C0AEFDE6171E29540</string>
				</array>
				<key>isa</key>
				<string>PBXGroup</string>
				<key>name</key>
				<string>osx</string>
				<key>sourceTree</key>
				<string>&lt;group&gt;</string>
			</dict>
			<key>398D2AD7D162CE13BF40CD4F</key>
			<dict>
				<key>children</key>
				<array>
					<string>821159A073ABA066739FD401</string>
				</array>
				<key>isa</key>
				<string>PBXGroup</string>
				<key>name</key>
				<string>lib</string>
				<key>sourceTree</key>
				<string>&lt;group&gt;</string>
			</dict>
			<key>4D508D34156E7076531D9084</key>
			<dict>
				<key>fileRef</key>
				<string>D58DCB2C0AEFDE6171E29540</string>
				<key>isa</key>
				<string>PBXBuildFile</string>
			</dict>
			<key>E1A3FD40C8BCD507345F1126</key>
			<dict>
				<key>fileRef</key>
				<string>D58DCB2C0AEFDE6171E29540</string>
				<key>isa</key>
				<string>PBXBuildFile</string>
			</dict>
			<key>D58DCB2C0AEFDE6171E29540</key>
			<dict>
				<key>lastKnownFileType</key>
				<string>wrapper.framework</string>
				<key>isa</key>
				<string>PBXFileReference</string>
				<key>name</key>
				<string>Syphon.framework</string>
				<key>path</key>
				<string>../../../addons/ofxSyphon/libs/Syphon/lib/osx/Syphon.framework</string>
				<key>sourceTree</key>
				<string>&lt;group&gt;</string>
			</dict>
			<key>C9109422648B170B07A778CF</key>
			<dict>
				<key>fileRef</key>
				<string>E3405C5AE387BDDC2AD19473</string>
				<key>isa</key>
				<string>PBXBuildFile</string>
			</dict>
			<key>E3405C5AE387BDDC2AD19473</key>
			<dict>
				<key>explicitFileType</key>
				<string>sourcecode.cpp.objcpp</string>
				<key>fileEncoding</key>
				<string>30</string>
				<key>isa</key>
				<string>PBXFileReference</string>
				<key>name</key>
				<string>SyphonNameboundClient.m</string>
				<key>path</key>
				<string>../../../addons/ofxSyphon/libs/Syphon/src/SyphonNameboundClient.m</string>
				<key>sourceTree</key>
				<string>SOURCE_ROOT</string>
			</dict>
			<key>50EAFB5FF7C5722E7B4895C7</key>
			<dict>
				<key>children</key>
				<array>
					<string>71FFD50EA75BCC76F0C58D12</string>
					<string>E3405C5AE387BDDC2AD19473</string>
				</array>
				<key>isa</key>
				<string>PBXGroup</string>
				<key>name</key>
				<string>src</string>
				<key>sourceTree</key>
				<string>&lt;group&gt;</string>
			</dict>
			<key>65F3085962B3A8825746C3C2</key>
			<dict>
				<key>children</key>
				<array>
					<string>50EAFB5FF7C5722E7B4895C7</string>
					<string>398D2AD7D162CE13BF40CD4F</string>
				</array>
				<key>isa</key>
				<string>PBXGroup</string>
				<key>name</key>
				<string>Syphon</string>
				<key>sourceTree</key>
				<string>&lt;group&gt;</string>
			</dict>
			<key>2317994671CD76BBA16927B8</key>
			<dict>
				<key>children</key>
				<array>
					<string>65F3085962B3A8825746C3C2</string>
				</array>
				<key>isa</key>
				<string>PBXGroup</string>
				<key>name</key>
				<string>libs</string>
				<key>sourceTree</key>
				<string>&lt;group&gt;</string>
			</dict>
			<key>71FFD50EA75BCC76F0C58D12</key>
			<dict>
				<key>explicitFileType</key>
				<string>sourcecode.c.h</string>
				<key>fileEncoding</key>
				<string>30</string>
				<key>isa</key>
				<string>PBXFileReference</string>
				<key>name</key>
				<string>SyphonNameboundClient.h</string>
				<key>path</key>
				<string>../../../addons/ofxSyphon/libs/Syphon/src/SyphonNameboundClient.h</string>
				<key>sourceTree</key>
				<string>SOURCE_ROOT</string>
			</dict>
			<key>11DF9AB1B4EAA63E3B190CA0</key>
			<dict>
				<key>fileRef</key>
				<string>E723BEF4C55D236E24639608</string>
				<key>isa</key>
				<string>PBXBuildFile</string>
			</dict>
			<key>E723BEF4C55D236E24639608</key>
			<dict>
				<key>explicitFileType</key>
				<string>sourcecode.cpp.objcpp</string>
				<key>fileEncoding</key>
				<string>30</string>
				<key>isa</key>
				<string>PBXFileReference</string>
				<key>name</key>
				<string>ofxSyphonServerDirectory.mm</string>
				<key>path</key>
				<string>../../../addons/ofxSyphon/src/ofxSyphonServerDirectory.mm</string>
				<key>sourceTree</key>
				<string>SOURCE_ROOT</string>
			</dict>
			<key>337B812806A0E7D26A029E5A</key>
			<dict>
				<key>explicitFileType</key>
				<string>sourcecode.c.h</string>
				<key>fileEncoding</key>
				<string>30</string>
				<key>isa</key>
				<string>PBXFileReference</string>
				<key>name</key>
				<string>ofxSyphonServerDirectory.h</string>
				<key>path</key>
				<string>../../../addons/ofxSyphon/src/ofxSyphonServerDirectory.h</string>
				<key>sourceTree</key>
				<string>SOURCE_ROOT</string>
			</dict>
			<key>8D60C222CBD3F869382832E9</key>
			<dict>
				<key>fileRef</key>
				<string>32D6F27DC6308427F9A278C1</string>
				<key>isa</key>
				<string>PBXBuildFile</string>
			</dict>
			<key>32D6F27DC6308427F9A278C1</key>
			<dict>
				<key>explicitFileType</key>
				<string>sourcecode.cpp.objcpp</string>
				<key>fileEncoding</key>
				<string>30</string>
				<key>isa</key>
				<string>PBXFileReference</string>
				<key>name</key>
				<string>ofxSyphonServer.mm</string>
				<key>path</key>
				<string>../../../addons/ofxSyphon/src/ofxSyphonServer.mm</string>
				<key>sourceTree</key>
				<string>SOURCE_ROOT</string>
			</dict>
			<key>46BBCC26D60B589958BF0D03</key>
			<dict>
				<key>explicitFileType</key>
				<string>sourcecode.c.h</string>
				<key>fileEncoding</key>
				<string>30</string>
				<key>isa</key>
				<string>PBXFileReference</string>
				<key>name</key>
				<string>ofxSyphonServer.h</string>
				<key>path</key>
				<string>../../../addons/ofxSyphon/src/ofxSyphonServer.h</string>
				<key>sourceTree</key>
				<string>SOURCE_ROOT</string>
			</dict>
			<key>1F558B76FB3412843DDAA031</key>
			<dict>
				<key>fileRef</key>
				<string>03EA4DA95B5E1B8409FC058E</string>
				<key>isa</key>
				<string>PBXBuildFile</string>
			</dict>
			<key>03EA4DA95B5E1B8409FC058E</key>
			<dict>
				<key>explicitFileType</key>
				<string>sourcecode.cpp.objcpp</string>
				<key>fileEncoding</key>
				<string>30</string>
				<key>isa</key>
				<string>PBXFileReference</string>
				<key>name</key>
				<string>ofxSyphonClient.mm</string>
				<key>path</key>
				<string>../../../addons/ofxSyphon/src/ofxSyphonClient.mm</string>
				<key>sourceTree</key>
				<string>SOURCE_ROOT</string>
			</dict>
			<key>01FAC3552E00C3620035EA2F</key>
			<dict>
				<key>explicitFileType</key>
				<string>sourcecode.c.h</string>
				<key>fileEncoding</key>
				<string>30</string>
				<key>isa</key>
				<string>PBXFileReference</string>
				<key>name</key>
				<string>ofxSyphonClient.h</string>
				<key>path</key>
				<string>../../../addons/ofxSyphon/src/ofxSyphonClient.h</string>
				<key>sourceTree</key>
				<string>SOURCE_ROOT</string>
			</dict>
			<key>49A9E39C52C2DF4DDA1E185F</key>
			<dict>
				<key>children</key>
				<array>
					<string>0FB83AC7747296DD35C1C295</string>
					<string>01FAC3552E00C3620035EA2F</string>
					<string>03EA4DA95B5E1B8409FC058E</string>
					<string>46BBCC26D60B589958BF0D03</string>
					<string>32D6F27DC6308427F9A278C1</string>
					<string>337B812806A0E7D26A029E5A</string>
					<string>E723BEF4C55D236E24639608</string>
				</array>
				<key>isa</key>
				<string>PBXGroup</string>
				<key>name</key>
				<string>src</string>
				<key>sourceTree</key>
				<string>&lt;group&gt;</string>
			</dict>
			<key>7F3C04577424427D348B1425</key>
			<dict>
				<key>children</key>
				<array>
					<string>49A9E39C52C2DF4DDA1E185F</string>
					<string>2317994671CD76BBA16927B8</string>
				</array>
				<key>isa</key>
				<string>PBXGroup</string>
				<key>name</key>
				<string>ofxSyphon</string>
				<key>sourceTree</key>
				<string>&lt;group&gt;</string>
			</dict>
			<key>0FB83AC7747296DD35C1C295</key>
			<dict>
				<key>explicitFileType</key>
				<string>sourcecode.c.h</string>
				<key>fileEncoding</key>
				<string>30</string>
				<key>isa</key>
				<string>PBXFileReference</string>
				<key>name</key>
				<string>ofxSyphon.h</string>
				<key>path</key>
				<string>../../../addons/ofxSyphon/src/ofxSyphon.h</string>
				<key>sourceTree</key>
				<string>SOURCE_ROOT</string>
			</dict>
			<key>B2F326FA07783558EF3CDD2A</key>
			<dict>
				<key>explicitFileType</key>
				<string>sourcecode.c.h</string>
				<key>fileEncoding</key>
				<string>30</string>
				<key>isa</key>
				<string>PBXFileReference</string>
				<key>name</key>
				<string>stb_vorbis.h</string>
				<key>path</key>
				<string>../../../addons/ofxMaxim/libs/stb_vorbis.h</string>
				<key>sourceTree</key>
				<string>SOURCE_ROOT</string>
			</dict>
			<key>9514C2D90467055B1447D074</key>
			<dict>
				<key>fileRef</key>
				<string>80CD68E0DDF2C60D2715CC78</string>
				<key>isa</key>
				<string>PBXBuildFile</string>
			</dict>
			<key>80CD68E0DDF2C60D2715CC78</key>
			<dict>
				<key>explicitFileType</key>
				<string>sourcecode.c.c</string>
				<key>fileEncoding</key>
				<string>30</string>
				<key>isa</key>
				<string>PBXFileReference</string>
				<key>name</key>
				<string>stb_vorbis.c</string>
				<key>path</key>
				<string>../../../addons/ofxMaxim/libs/stb_vorbis.c</string>
				<key>sourceTree</key>
				<string>SOURCE_ROOT</string>
			</dict>
			<key>B34D3539DB6F889A78540F7C</key>
			<dict>
				<key>explicitFileType</key>
				<string>sourcecode.c.h</string>
				<key>fileEncoding</key>
				<string>30</string>
				<key>isa</key>
				<string>PBXFileReference</string>
				<key>name</key>
				<string>sineTable.h</string>
				<key>path</key>
				<string>../../../addons/ofxMaxim/libs/sineTable.h</string>
				<key>sourceTree</key>
				<string>SOURCE_ROOT</string>
			</dict>
			<key>95C3AC11BE0AC7EC464D2A36</key>
			<dict>
				<key>explicitFileType</key>
				<string>sourcecode.c.h</string>
				<key>fileEncoding</key>
				<string>30</string>
				<key>isa</key>
				<string>PBXFileReference</string>
				<key>name</key>
				<string>maximilian.h</string>
				<key>path</key>
				<string>../../../addons/ofxMaxim/libs/maximilian.h</string>
				<key>sourceTree</key>
				<string>SOURCE_ROOT</string>
			</dict>
			<key>22F21CE3B902225374BA1CA2</key>
			<dict>
				<key>fileRef</key>
				<string>87D3A0051CCB2C0F0ECA139E</string>
				<key>isa</key>
				<string>PBXBuildFile</string>
			</dict>
			<key>87D3A0051CCB2C0F0ECA139E</key>
			<dict>
				<key>explicitFileType</key>
				<string>sourcecode.cpp.cpp</string>
				<key>fileEncoding</key>
				<string>30</string>
				<key>isa</key>
				<string>PBXFileReference</string>
				<key>name</key>
				<string>maximilian.cpp</string>
				<key>path</key>
				<string>../../../addons/ofxMaxim/libs/maximilian.cpp</string>
				<key>sourceTree</key>
				<string>SOURCE_ROOT</string>
			</dict>
			<key>D1C864AE2FE539BE7FD1F628</key>
			<dict>
				<key>explicitFileType</key>
				<string>sourcecode.c.h</string>
				<key>fileEncoding</key>
				<string>30</string>
				<key>isa</key>
				<string>PBXFileReference</string>
				<key>name</key>
				<string>maxiMFCC.h</string>
				<key>path</key>
				<string>../../../addons/ofxMaxim/libs/maxiMFCC.h</string>
				<key>sourceTree</key>
				<string>SOURCE_ROOT</string>
			</dict>
			<key>083FB2094A4DE99F5A60397A</key>
			<dict>
				<key>fileRef</key>
				<string>440B2B891BD019685EF360B8</string>
				<key>isa</key>
				<string>PBXBuildFile</string>
			</dict>
			<key>440B2B891BD019685EF360B8</key>
			<dict>
				<key>explicitFileType</key>
				<string>sourcecode.cpp.cpp</string>
				<key>fileEncoding</key>
				<string>30</string>
				<key>isa</key>
				<string>PBXFileReference</string>
				<key>name</key>
				<string>maxiMFCC.cpp</string>
				<key>path</key>
				<string>../../../addons/ofxMaxim/libs/maxiMFCC.cpp</string>
				<key>sourceTree</key>
				<string>SOURCE_ROOT</string>
			</dict>
			<key>4CFB659E40D3D3DC5A3E9478</key>
			<dict>
				<key>explicitFileType</key>
				<string>sourcecode.c.h</string>
				<key>fileEncoding</key>
				<string>30</string>
				<key>isa</key>
				<string>PBXFileReference</string>
				<key>name</key>
				<string>maxiGrains.h</string>
				<key>path</key>
				<string>../../../addons/ofxMaxim/libs/maxiGrains.h</string>
				<key>sourceTree</key>
				<string>SOURCE_ROOT</string>
			</dict>
			<key>AF0580829426DC6BCA135A5C</key>
			<dict>
				<key>fileRef</key>
				<string>9D2FB19B70632A6F86622D94</string>
				<key>isa</key>
				<string>PBXBuildFile</string>
			</dict>
			<key>9D2FB19B70632A6F86622D94</key>
			<dict>
				<key>explicitFileType</key>
				<string>sourcecode.cpp.cpp</string>
				<key>fileEncoding</key>
				<string>30</string>
				<key>isa</key>
				<string>PBXFileReference</string>
				<key>name</key>
				<string>maxiGrains.cpp</string>
				<key>path</key>
				<string>../../../addons/ofxMaxim/libs/maxiGrains.cpp</string>
				<key>sourceTree</key>
				<string>SOURCE_ROOT</string>
			</dict>
			<key>EFA729F2F65D97F65DB52E44</key>
			<dict>
				<key>explicitFileType</key>
				<string>sourcecode.c.h</string>
				<key>fileEncoding</key>
				<string>30</string>
				<key>isa</key>
				<string>PBXFileReference</string>
				<key>name</key>
				<string>maxiFFT.h</string>
				<key>path</key>
				<string>../../../addons/ofxMaxim/libs/maxiFFT.h</string>
				<key>sourceTree</key>
				<string>SOURCE_ROOT</string>
			</dict>
			<key>96084990AF216648B8B98E00</key>
			<dict>
				<key>fileRef</key>
				<string>6A4EE0E35ED739A31CD0153E</string>
				<key>isa</key>
				<string>PBXBuildFile</string>
			</dict>
			<key>6A4EE0E35ED739A31CD0153E</key>
			<dict>
				<key>explicitFileType</key>
				<string>sourcecode.cpp.cpp</string>
				<key>fileEncoding</key>
				<string>30</string>
				<key>isa</key>
				<string>PBXFileReference</string>
				<key>name</key>
				<string>maxiFFT.cpp</string>
				<key>path</key>
				<string>../../../addons/ofxMaxim/libs/maxiFFT.cpp</string>
				<key>sourceTree</key>
				<string>SOURCE_ROOT</string>
			</dict>
			<key>A67372B9CAED43269F8D42D3</key>
			<dict>
				<key>explicitFileType</key>
				<string>sourcecode.c.h</string>
				<key>fileEncoding</key>
				<string>30</string>
				<key>isa</key>
				<string>PBXFileReference</string>
				<key>name</key>
				<string>maxiBark.h</string>
				<key>path</key>
				<string>../../../addons/ofxMaxim/libs/maxiBark.h</string>
				<key>sourceTree</key>
				<string>SOURCE_ROOT</string>
			</dict>
			<key>ABA8875AF0C06690CC0B92B1</key>
			<dict>
				<key>fileRef</key>
				<string>9B9936002B519C1290F25FEC</string>
				<key>isa</key>
				<string>PBXBuildFile</string>
			</dict>
			<key>9B9936002B519C1290F25FEC</key>
			<dict>
				<key>explicitFileType</key>
				<string>sourcecode.cpp.cpp</string>
				<key>fileEncoding</key>
				<string>30</string>
				<key>isa</key>
				<string>PBXFileReference</string>
				<key>name</key>
				<string>maxiBark.cpp</string>
				<key>path</key>
				<string>../../../addons/ofxMaxim/libs/maxiBark.cpp</string>
				<key>sourceTree</key>
				<string>SOURCE_ROOT</string>
			</dict>
			<key>7D2CBAA6529BCE46CA661E02</key>
			<dict>
				<key>explicitFileType</key>
				<string>sourcecode.c.h</string>
				<key>fileEncoding</key>
				<string>30</string>
				<key>isa</key>
				<string>PBXFileReference</string>
				<key>name</key>
				<string>maxiAtoms.h</string>
				<key>path</key>
				<string>../../../addons/ofxMaxim/libs/maxiAtoms.h</string>
				<key>sourceTree</key>
				<string>SOURCE_ROOT</string>
			</dict>
			<key>5C4A4AA5D4784DF23EA43038</key>
			<dict>
				<key>fileRef</key>
				<string>1EFA3ACBB8D16CC0DA1E79C6</string>
				<key>isa</key>
				<string>PBXBuildFile</string>
			</dict>
			<key>1EFA3ACBB8D16CC0DA1E79C6</key>
			<dict>
				<key>explicitFileType</key>
				<string>sourcecode.cpp.cpp</string>
				<key>fileEncoding</key>
				<string>30</string>
				<key>isa</key>
				<string>PBXFileReference</string>
				<key>name</key>
				<string>maxiAtoms.cpp</string>
				<key>path</key>
				<string>../../../addons/ofxMaxim/libs/maxiAtoms.cpp</string>
				<key>sourceTree</key>
				<string>SOURCE_ROOT</string>
			</dict>
			<key>BA5114869056DFF1A50CFA4A</key>
			<dict>
				<key>explicitFileType</key>
				<string>sourcecode.c.h</string>
				<key>fileEncoding</key>
				<string>30</string>
				<key>isa</key>
				<string>PBXFileReference</string>
				<key>name</key>
				<string>fft.h</string>
				<key>path</key>
				<string>../../../addons/ofxMaxim/libs/fft.h</string>
				<key>sourceTree</key>
				<string>SOURCE_ROOT</string>
			</dict>
			<key>4ACC32F17B7623DA048865D1</key>
			<dict>
				<key>children</key>
				<array>
					<string>F3C78E7AB53E01022E9374A3</string>
					<string>BA5114869056DFF1A50CFA4A</string>
					<string>1EFA3ACBB8D16CC0DA1E79C6</string>
					<string>7D2CBAA6529BCE46CA661E02</string>
					<string>9B9936002B519C1290F25FEC</string>
					<string>A67372B9CAED43269F8D42D3</string>
					<string>6A4EE0E35ED739A31CD0153E</string>
					<string>EFA729F2F65D97F65DB52E44</string>
					<string>9D2FB19B70632A6F86622D94</string>
					<string>4CFB659E40D3D3DC5A3E9478</string>
					<string>440B2B891BD019685EF360B8</string>
					<string>D1C864AE2FE539BE7FD1F628</string>
					<string>87D3A0051CCB2C0F0ECA139E</string>
					<string>95C3AC11BE0AC7EC464D2A36</string>
					<string>B34D3539DB6F889A78540F7C</string>
					<string>80CD68E0DDF2C60D2715CC78</string>
					<string>B2F326FA07783558EF3CDD2A</string>
				</array>
				<key>isa</key>
				<string>PBXGroup</string>
				<key>name</key>
				<string>libs</string>
				<key>sourceTree</key>
				<string>&lt;group&gt;</string>
			</dict>
			<key>0FCED26D40D46CF89A58E54C</key>
			<dict>
				<key>fileRef</key>
				<string>F3C78E7AB53E01022E9374A3</string>
				<key>isa</key>
				<string>PBXBuildFile</string>
			</dict>
			<key>F3C78E7AB53E01022E9374A3</key>
			<dict>
				<key>explicitFileType</key>
				<string>sourcecode.cpp.cpp</string>
				<key>fileEncoding</key>
				<string>30</string>
				<key>isa</key>
				<string>PBXFileReference</string>
				<key>name</key>
				<string>fft.cpp</string>
				<key>path</key>
				<string>../../../addons/ofxMaxim/libs/fft.cpp</string>
				<key>sourceTree</key>
				<string>SOURCE_ROOT</string>
			</dict>
			<key>8F6BFB59AB6D0A458C2F3C53</key>
			<dict>
				<key>children</key>
				<array>
					<string>9312F3864ED05FC3E847FF69</string>
				</array>
				<key>isa</key>
				<string>PBXGroup</string>
				<key>name</key>
				<string>src</string>
				<key>sourceTree</key>
				<string>&lt;group&gt;</string>
			</dict>
			<key>6234D3BCE87D1C3BA2230F19</key>
			<dict>
				<key>children</key>
				<array>
					<string>8F6BFB59AB6D0A458C2F3C53</string>
					<string>4ACC32F17B7623DA048865D1</string>
				</array>
				<key>isa</key>
				<string>PBXGroup</string>
				<key>name</key>
				<string>ofxMaxim</string>
				<key>sourceTree</key>
				<string>&lt;group&gt;</string>
			</dict>
			<key>9312F3864ED05FC3E847FF69</key>
			<dict>
				<key>explicitFileType</key>
				<string>sourcecode.c.h</string>
				<key>fileEncoding</key>
				<string>30</string>
				<key>isa</key>
				<string>PBXFileReference</string>
				<key>name</key>
				<string>ofxMaxim.h</string>
				<key>path</key>
				<string>../../../addons/ofxMaxim/src/ofxMaxim.h</string>
				<key>sourceTree</key>
				<string>SOURCE_ROOT</string>
			</dict>
			<key>1B842E36B765D0A9DE2D5BB5</key>
			<dict>
				<key>explicitFileType</key>
				<string>sourcecode.c.h</string>
				<key>fileEncoding</key>
				<string>30</string>
				<key>isa</key>
				<string>PBXFileReference</string>
				<key>name</key>
				<string>ofxAVUIVisualWave.h</string>
				<key>path</key>
				<string>../../../addons/ofxAVUI/src/visual/ofxAVUIVisualWave.h</string>
				<key>sourceTree</key>
				<string>SOURCE_ROOT</string>
			</dict>
			<key>89F950D3258358D64801996C</key>
			<dict>
				<key>fileRef</key>
				<string>6437C5218AEB5829BCF6AEC4</string>
				<key>isa</key>
				<string>PBXBuildFile</string>
			</dict>
			<key>6437C5218AEB5829BCF6AEC4</key>
			<dict>
				<key>explicitFileType</key>
				<string>sourcecode.cpp.cpp</string>
				<key>fileEncoding</key>
				<string>30</string>
				<key>isa</key>
				<string>PBXFileReference</string>
				<key>name</key>
				<string>ofxAVUIVisualWave.cpp</string>
				<key>path</key>
				<string>../../../addons/ofxAVUI/src/visual/ofxAVUIVisualWave.cpp</string>
				<key>sourceTree</key>
				<string>SOURCE_ROOT</string>
			</dict>
			<key>064F3DBDB8F01D10B789B496</key>
			<dict>
				<key>explicitFileType</key>
				<string>sourcecode.c.h</string>
				<key>fileEncoding</key>
				<string>30</string>
				<key>isa</key>
				<string>PBXFileReference</string>
				<key>name</key>
				<string>ofxAVUIVisualLissajous.h</string>
				<key>path</key>
				<string>../../../addons/ofxAVUI/src/visual/ofxAVUIVisualLissajous.h</string>
				<key>sourceTree</key>
				<string>SOURCE_ROOT</string>
			</dict>
			<key>F243A4D87BF16C7441721F6B</key>
			<dict>
				<key>fileRef</key>
				<string>21EB2533277153BBCB8CE76F</string>
				<key>isa</key>
				<string>PBXBuildFile</string>
			</dict>
			<key>21EB2533277153BBCB8CE76F</key>
			<dict>
				<key>explicitFileType</key>
				<string>sourcecode.cpp.cpp</string>
				<key>fileEncoding</key>
				<string>30</string>
				<key>isa</key>
				<string>PBXFileReference</string>
				<key>name</key>
				<string>ofxAVUIVisualLissajous.cpp</string>
				<key>path</key>
				<string>../../../addons/ofxAVUI/src/visual/ofxAVUIVisualLissajous.cpp</string>
				<key>sourceTree</key>
				<string>SOURCE_ROOT</string>
			</dict>
			<key>6AC680D6F974D3EE0F8BA86B</key>
			<dict>
				<key>explicitFileType</key>
				<string>sourcecode.c.h</string>
				<key>fileEncoding</key>
				<string>30</string>
				<key>isa</key>
				<string>PBXFileReference</string>
				<key>name</key>
				<string>ofxAVUIVisualGrid.h</string>
				<key>path</key>
				<string>../../../addons/ofxAVUI/src/visual/ofxAVUIVisualGrid.h</string>
				<key>sourceTree</key>
				<string>SOURCE_ROOT</string>
			</dict>
			<key>6AC13132092AB85DE61A0E73</key>
			<dict>
				<key>fileRef</key>
				<string>2CDE658CF87091A3DCB41219</string>
				<key>isa</key>
				<string>PBXBuildFile</string>
			</dict>
			<key>2CDE658CF87091A3DCB41219</key>
			<dict>
				<key>explicitFileType</key>
				<string>sourcecode.cpp.cpp</string>
				<key>fileEncoding</key>
				<string>30</string>
				<key>isa</key>
				<string>PBXFileReference</string>
				<key>name</key>
				<string>ofxAVUIVisualGrid.cpp</string>
				<key>path</key>
				<string>../../../addons/ofxAVUI/src/visual/ofxAVUIVisualGrid.cpp</string>
				<key>sourceTree</key>
				<string>SOURCE_ROOT</string>
			</dict>
			<key>DF3486FA40DAEF97D4DAC2EB</key>
			<dict>
				<key>explicitFileType</key>
				<string>sourcecode.c.h</string>
				<key>fileEncoding</key>
				<string>30</string>
				<key>isa</key>
				<string>PBXFileReference</string>
				<key>name</key>
				<string>ofxAVUIVisualCircles.h</string>
				<key>path</key>
				<string>../../../addons/ofxAVUI/src/visual/ofxAVUIVisualCircles.h</string>
				<key>sourceTree</key>
				<string>SOURCE_ROOT</string>
			</dict>
			<key>7F2974D15259295C606877E1</key>
			<dict>
				<key>fileRef</key>
				<string>FBE3CDE9275587A02385E174</string>
				<key>isa</key>
				<string>PBXBuildFile</string>
			</dict>
			<key>FBE3CDE9275587A02385E174</key>
			<dict>
				<key>explicitFileType</key>
				<string>sourcecode.cpp.cpp</string>
				<key>fileEncoding</key>
				<string>30</string>
				<key>isa</key>
				<string>PBXFileReference</string>
				<key>name</key>
				<string>ofxAVUIVisualCircles.cpp</string>
				<key>path</key>
				<string>../../../addons/ofxAVUI/src/visual/ofxAVUIVisualCircles.cpp</string>
				<key>sourceTree</key>
				<string>SOURCE_ROOT</string>
			</dict>
			<key>D412160A27B75D6D4CA81605</key>
			<dict>
				<key>explicitFileType</key>
				<string>sourcecode.c.h</string>
				<key>fileEncoding</key>
				<string>30</string>
				<key>isa</key>
				<string>PBXFileReference</string>
				<key>name</key>
				<string>ofxAVUIVisualBase.h</string>
				<key>path</key>
				<string>../../../addons/ofxAVUI/src/visual/ofxAVUIVisualBase.h</string>
				<key>sourceTree</key>
				<string>SOURCE_ROOT</string>
			</dict>
			<key>D884B0747F00654A6CC2F40C</key>
			<dict>
				<key>fileRef</key>
				<string>EBB2360A2948291558306DEF</string>
				<key>isa</key>
				<string>PBXBuildFile</string>
			</dict>
			<key>EBB2360A2948291558306DEF</key>
			<dict>
				<key>explicitFileType</key>
				<string>sourcecode.cpp.cpp</string>
				<key>fileEncoding</key>
				<string>30</string>
				<key>isa</key>
				<string>PBXFileReference</string>
				<key>name</key>
				<string>ofxAVUIVisualBase.cpp</string>
				<key>path</key>
				<string>../../../addons/ofxAVUI/src/visual/ofxAVUIVisualBase.cpp</string>
				<key>sourceTree</key>
				<string>SOURCE_ROOT</string>
			</dict>
			<key>E11E35A994690B3DC6E30250</key>
			<dict>
				<key>explicitFileType</key>
				<string>sourcecode.c.h</string>
				<key>fileEncoding</key>
				<string>30</string>
				<key>isa</key>
				<string>PBXFileReference</string>
				<key>name</key>
				<string>ofxAVUIVisualBars.h</string>
				<key>path</key>
				<string>../../../addons/ofxAVUI/src/visual/ofxAVUIVisualBars.h</string>
				<key>sourceTree</key>
				<string>SOURCE_ROOT</string>
			</dict>
			<key>A5FA32F4526F55D3C8E3461B</key>
			<dict>
				<key>children</key>
				<array>
					<string>6F160207B70F6DBC8D8D386D</string>
					<string>E11E35A994690B3DC6E30250</string>
					<string>EBB2360A2948291558306DEF</string>
					<string>D412160A27B75D6D4CA81605</string>
					<string>FBE3CDE9275587A02385E174</string>
					<string>DF3486FA40DAEF97D4DAC2EB</string>
					<string>2CDE658CF87091A3DCB41219</string>
					<string>6AC680D6F974D3EE0F8BA86B</string>
					<string>21EB2533277153BBCB8CE76F</string>
					<string>064F3DBDB8F01D10B789B496</string>
					<string>6437C5218AEB5829BCF6AEC4</string>
					<string>1B842E36B765D0A9DE2D5BB5</string>
				</array>
				<key>isa</key>
				<string>PBXGroup</string>
				<key>name</key>
				<string>visual</string>
				<key>sourceTree</key>
				<string>&lt;group&gt;</string>
			</dict>
			<key>D5C24F69F7E7C3FA5FED708B</key>
			<dict>
				<key>fileRef</key>
				<string>6F160207B70F6DBC8D8D386D</string>
				<key>isa</key>
				<string>PBXBuildFile</string>
			</dict>
			<key>6F160207B70F6DBC8D8D386D</key>
			<dict>
				<key>explicitFileType</key>
				<string>sourcecode.cpp.cpp</string>
				<key>fileEncoding</key>
				<string>30</string>
				<key>isa</key>
				<string>PBXFileReference</string>
				<key>name</key>
				<string>ofxAVUIVisualBars.cpp</string>
				<key>path</key>
				<string>../../../addons/ofxAVUI/src/visual/ofxAVUIVisualBars.cpp</string>
				<key>sourceTree</key>
				<string>SOURCE_ROOT</string>
			</dict>
			<key>5FACC422F3AEE5C70719FA45</key>
			<dict>
				<key>explicitFileType</key>
				<string>sourcecode.c.h</string>
				<key>fileEncoding</key>
				<string>30</string>
				<key>isa</key>
				<string>PBXFileReference</string>
				<key>name</key>
				<string>ofxAVUIXYPad.h</string>
				<key>path</key>
				<string>../../../addons/ofxAVUI/src/UI/ofxAVUIXYPad.h</string>
				<key>sourceTree</key>
				<string>SOURCE_ROOT</string>
			</dict>
			<key>C19BAC2B1AEBCD4E63E54CA1</key>
			<dict>
				<key>fileRef</key>
				<string>843498CB1ED92C695EFCEC6B</string>
				<key>isa</key>
				<string>PBXBuildFile</string>
			</dict>
			<key>843498CB1ED92C695EFCEC6B</key>
			<dict>
				<key>explicitFileType</key>
				<string>sourcecode.cpp.cpp</string>
				<key>fileEncoding</key>
				<string>30</string>
				<key>isa</key>
				<string>PBXFileReference</string>
				<key>name</key>
				<string>ofxAVUIXYPad.cpp</string>
				<key>path</key>
				<string>../../../addons/ofxAVUI/src/UI/ofxAVUIXYPad.cpp</string>
				<key>sourceTree</key>
				<string>SOURCE_ROOT</string>
			</dict>
			<key>C5874891FF6771E0834B71C9</key>
			<dict>
				<key>explicitFileType</key>
				<string>sourcecode.c.h</string>
				<key>fileEncoding</key>
				<string>30</string>
				<key>isa</key>
				<string>PBXFileReference</string>
				<key>name</key>
				<string>ofxAVUIToggle.h</string>
				<key>path</key>
				<string>../../../addons/ofxAVUI/src/UI/ofxAVUIToggle.h</string>
				<key>sourceTree</key>
				<string>SOURCE_ROOT</string>
			</dict>
			<key>9D0946EDFC36FDAA66E8697E</key>
			<dict>
				<key>fileRef</key>
				<string>D128B24431B717F3470D6ECF</string>
				<key>isa</key>
				<string>PBXBuildFile</string>
			</dict>
			<key>D128B24431B717F3470D6ECF</key>
			<dict>
				<key>explicitFileType</key>
				<string>sourcecode.cpp.cpp</string>
				<key>fileEncoding</key>
				<string>30</string>
				<key>isa</key>
				<string>PBXFileReference</string>
				<key>name</key>
				<string>ofxAVUIToggle.cpp</string>
				<key>path</key>
				<string>../../../addons/ofxAVUI/src/UI/ofxAVUIToggle.cpp</string>
				<key>sourceTree</key>
				<string>SOURCE_ROOT</string>
			</dict>
			<key>4C43208977619FB33A489E23</key>
			<dict>
				<key>explicitFileType</key>
				<string>sourcecode.c.h</string>
				<key>fileEncoding</key>
				<string>30</string>
				<key>isa</key>
				<string>PBXFileReference</string>
				<key>name</key>
				<string>ofxAVUISlider.h</string>
				<key>path</key>
				<string>../../../addons/ofxAVUI/src/UI/ofxAVUISlider.h</string>
				<key>sourceTree</key>
				<string>SOURCE_ROOT</string>
			</dict>
			<key>4DFA1E345C3C74880C3BFF37</key>
			<dict>
				<key>fileRef</key>
				<string>C23F8FFDA1D4451E5AC2B58B</string>
				<key>isa</key>
				<string>PBXBuildFile</string>
			</dict>
			<key>C23F8FFDA1D4451E5AC2B58B</key>
			<dict>
				<key>explicitFileType</key>
				<string>sourcecode.cpp.cpp</string>
				<key>fileEncoding</key>
				<string>30</string>
				<key>isa</key>
				<string>PBXFileReference</string>
				<key>name</key>
				<string>ofxAVUISlider.cpp</string>
				<key>path</key>
				<string>../../../addons/ofxAVUI/src/UI/ofxAVUISlider.cpp</string>
				<key>sourceTree</key>
				<string>SOURCE_ROOT</string>
			</dict>
			<key>EA104DAF42627B55968A9E34</key>
			<dict>
				<key>explicitFileType</key>
				<string>sourcecode.c.h</string>
				<key>fileEncoding</key>
				<string>30</string>
				<key>isa</key>
				<string>PBXFileReference</string>
				<key>name</key>
				<string>ofxAVUIRangeSlider.h</string>
				<key>path</key>
				<string>../../../addons/ofxAVUI/src/UI/ofxAVUIRangeSlider.h</string>
				<key>sourceTree</key>
				<string>SOURCE_ROOT</string>
			</dict>
			<key>DC03625DEACDA5A83114FB37</key>
			<dict>
				<key>fileRef</key>
				<string>BFF92B9FFC3AFA2104188F3A</string>
				<key>isa</key>
				<string>PBXBuildFile</string>
			</dict>
			<key>BFF92B9FFC3AFA2104188F3A</key>
			<dict>
				<key>explicitFileType</key>
				<string>sourcecode.cpp.cpp</string>
				<key>fileEncoding</key>
				<string>30</string>
				<key>isa</key>
				<string>PBXFileReference</string>
				<key>name</key>
				<string>ofxAVUIRangeSlider.cpp</string>
				<key>path</key>
				<string>../../../addons/ofxAVUI/src/UI/ofxAVUIRangeSlider.cpp</string>
				<key>sourceTree</key>
				<string>SOURCE_ROOT</string>
			</dict>
			<key>869B0C30EC54E204E8D6EAEB</key>
			<dict>
				<key>explicitFileType</key>
				<string>sourcecode.c.h</string>
				<key>fileEncoding</key>
				<string>30</string>
				<key>isa</key>
				<string>PBXFileReference</string>
				<key>name</key>
				<string>ofxAVUIEmpty.h</string>
				<key>path</key>
				<string>../../../addons/ofxAVUI/src/UI/ofxAVUIEmpty.h</string>
				<key>sourceTree</key>
				<string>SOURCE_ROOT</string>
			</dict>
			<key>23F459E0E5135DF419D675B5</key>
			<dict>
				<key>fileRef</key>
				<string>F2696E40C353D19AA04917ED</string>
				<key>isa</key>
				<string>PBXBuildFile</string>
			</dict>
			<key>F2696E40C353D19AA04917ED</key>
			<dict>
				<key>explicitFileType</key>
				<string>sourcecode.cpp.cpp</string>
				<key>fileEncoding</key>
				<string>30</string>
				<key>isa</key>
				<string>PBXFileReference</string>
				<key>name</key>
				<string>ofxAVUIEmpty.cpp</string>
				<key>path</key>
				<string>../../../addons/ofxAVUI/src/UI/ofxAVUIEmpty.cpp</string>
				<key>sourceTree</key>
				<string>SOURCE_ROOT</string>
			</dict>
			<key>98EAED3DBF039720AFCE2B70</key>
			<dict>
				<key>explicitFileType</key>
				<string>sourcecode.c.h</string>
				<key>fileEncoding</key>
				<string>30</string>
				<key>isa</key>
				<string>PBXFileReference</string>
				<key>name</key>
				<string>ofxAVUIButton.h</string>
				<key>path</key>
				<string>../../../addons/ofxAVUI/src/UI/ofxAVUIButton.h</string>
				<key>sourceTree</key>
				<string>SOURCE_ROOT</string>
			</dict>
			<key>94A68BB37AFE56F428EA55FA</key>
			<dict>
				<key>fileRef</key>
				<string>46BEB37C0F2BC92C21EF62EA</string>
				<key>isa</key>
				<string>PBXBuildFile</string>
			</dict>
			<key>46BEB37C0F2BC92C21EF62EA</key>
			<dict>
				<key>explicitFileType</key>
				<string>sourcecode.cpp.cpp</string>
				<key>fileEncoding</key>
				<string>30</string>
				<key>isa</key>
				<string>PBXFileReference</string>
				<key>name</key>
				<string>ofxAVUIButton.cpp</string>
				<key>path</key>
				<string>../../../addons/ofxAVUI/src/UI/ofxAVUIButton.cpp</string>
				<key>sourceTree</key>
				<string>SOURCE_ROOT</string>
			</dict>
			<key>B465555151AA001F7E10EE7C</key>
			<dict>
				<key>explicitFileType</key>
				<string>sourcecode.c.h</string>
				<key>fileEncoding</key>
				<string>30</string>
				<key>isa</key>
				<string>PBXFileReference</string>
				<key>name</key>
				<string>ofxAVUIBase.h</string>
				<key>path</key>
				<string>../../../addons/ofxAVUI/src/UI/ofxAVUIBase.h</string>
				<key>sourceTree</key>
				<string>SOURCE_ROOT</string>
			</dict>
			<key>E5923C28187E8E5261F5C68C</key>
			<dict>
				<key>children</key>
				<array>
					<string>9128C68562DF02448D4CCB20</string>
					<string>B465555151AA001F7E10EE7C</string>
					<string>46BEB37C0F2BC92C21EF62EA</string>
					<string>98EAED3DBF039720AFCE2B70</string>
					<string>F2696E40C353D19AA04917ED</string>
					<string>869B0C30EC54E204E8D6EAEB</string>
					<string>BFF92B9FFC3AFA2104188F3A</string>
					<string>EA104DAF42627B55968A9E34</string>
					<string>C23F8FFDA1D4451E5AC2B58B</string>
					<string>4C43208977619FB33A489E23</string>
					<string>D128B24431B717F3470D6ECF</string>
					<string>C5874891FF6771E0834B71C9</string>
					<string>843498CB1ED92C695EFCEC6B</string>
					<string>5FACC422F3AEE5C70719FA45</string>
				</array>
				<key>isa</key>
				<string>PBXGroup</string>
				<key>name</key>
				<string>UI</string>
				<key>sourceTree</key>
				<string>&lt;group&gt;</string>
			</dict>
			<key>F912A444692510FD96AB09F8</key>
			<dict>
				<key>fileRef</key>
				<string>9128C68562DF02448D4CCB20</string>
				<key>isa</key>
				<string>PBXBuildFile</string>
			</dict>
			<key>9128C68562DF02448D4CCB20</key>
			<dict>
				<key>explicitFileType</key>
				<string>sourcecode.cpp.cpp</string>
				<key>fileEncoding</key>
				<string>30</string>
				<key>isa</key>
				<string>PBXFileReference</string>
				<key>name</key>
				<string>ofxAVUIBase.cpp</string>
				<key>path</key>
				<string>../../../addons/ofxAVUI/src/UI/ofxAVUIBase.cpp</string>
				<key>sourceTree</key>
				<string>SOURCE_ROOT</string>
			</dict>
			<key>5878B9A09165D38B5FBA605B</key>
			<dict>
				<key>explicitFileType</key>
				<string>sourcecode.c.h</string>
				<key>fileEncoding</key>
				<string>30</string>
				<key>isa</key>
				<string>PBXFileReference</string>
				<key>name</key>
				<string>ofxAVUIZonePlayer.h</string>
				<key>path</key>
				<string>../../../addons/ofxAVUI/src/ofxAVUIZonePlayer.h</string>
				<key>sourceTree</key>
				<string>SOURCE_ROOT</string>
			</dict>
			<key>A58208A3BFB918B587F4194C</key>
			<dict>
				<key>fileRef</key>
				<string>B1E41B64BB7515E35D1507D8</string>
				<key>isa</key>
				<string>PBXBuildFile</string>
			</dict>
			<key>B1E41B64BB7515E35D1507D8</key>
			<dict>
				<key>explicitFileType</key>
				<string>sourcecode.cpp.cpp</string>
				<key>fileEncoding</key>
				<string>30</string>
				<key>isa</key>
				<string>PBXFileReference</string>
				<key>name</key>
				<string>ofxAVUIZonePlayer.cpp</string>
				<key>path</key>
				<string>../../../addons/ofxAVUI/src/ofxAVUIZonePlayer.cpp</string>
				<key>sourceTree</key>
				<string>SOURCE_ROOT</string>
			</dict>
			<key>9E62A58D650BA7D69BB4E30C</key>
			<dict>
				<key>explicitFileType</key>
				<string>sourcecode.c.h</string>
				<key>fileEncoding</key>
				<string>30</string>
				<key>isa</key>
				<string>PBXFileReference</string>
				<key>name</key>
				<string>ofxAVUIZone.h</string>
				<key>path</key>
				<string>../../../addons/ofxAVUI/src/ofxAVUIZone.h</string>
				<key>sourceTree</key>
				<string>SOURCE_ROOT</string>
			</dict>
			<key>C1AE721F9593BEDF1BA54875</key>
			<dict>
				<key>fileRef</key>
				<string>35EA70B41CA03E7EC4418D82</string>
				<key>isa</key>
				<string>PBXBuildFile</string>
			</dict>
			<key>35EA70B41CA03E7EC4418D82</key>
			<dict>
				<key>explicitFileType</key>
				<string>sourcecode.cpp.cpp</string>
				<key>fileEncoding</key>
				<string>30</string>
				<key>isa</key>
				<string>PBXFileReference</string>
				<key>name</key>
				<string>ofxAVUIZone.cpp</string>
				<key>path</key>
				<string>../../../addons/ofxAVUI/src/ofxAVUIZone.cpp</string>
				<key>sourceTree</key>
				<string>SOURCE_ROOT</string>
			</dict>
			<key>DD322A282CBF90616388CFB0</key>
			<dict>
				<key>explicitFileType</key>
				<string>sourcecode.c.h</string>
				<key>fileEncoding</key>
				<string>30</string>
				<key>isa</key>
				<string>PBXFileReference</string>
				<key>name</key>
				<string>ofxAVUI.h</string>
				<key>path</key>
				<string>../../../addons/ofxAVUI/src/ofxAVUI.h</string>
				<key>sourceTree</key>
				<string>SOURCE_ROOT</string>
			</dict>
			<key>CC23070B58F66E31D237AB42</key>
			<dict>
				<key>explicitFileType</key>
				<string>sourcecode.c.h</string>
				<key>fileEncoding</key>
				<string>30</string>
				<key>isa</key>
				<string>PBXFileReference</string>
				<key>name</key>
				<string>ofxAVUISoundFxFilter.h</string>
				<key>path</key>
				<string>../../../addons/ofxAVUI/src/audio/ofxAVUISoundFxFilter.h</string>
				<key>sourceTree</key>
				<string>SOURCE_ROOT</string>
			</dict>
			<key>5FB53EC99B635D2CC2E1F51E</key>
			<dict>
				<key>fileRef</key>
				<string>448DD4652C71F9A535D83A8F</string>
				<key>isa</key>
				<string>PBXBuildFile</string>
			</dict>
			<key>448DD4652C71F9A535D83A8F</key>
			<dict>
				<key>explicitFileType</key>
				<string>sourcecode.cpp.cpp</string>
				<key>fileEncoding</key>
				<string>30</string>
				<key>isa</key>
				<string>PBXFileReference</string>
				<key>name</key>
				<string>ofxAVUISoundFxFilter.cpp</string>
				<key>path</key>
				<string>../../../addons/ofxAVUI/src/audio/ofxAVUISoundFxFilter.cpp</string>
				<key>sourceTree</key>
				<string>SOURCE_ROOT</string>
			</dict>
			<key>ECB06B32D9FEBFE6FB16331D</key>
			<dict>
				<key>explicitFileType</key>
				<string>sourcecode.c.h</string>
				<key>fileEncoding</key>
				<string>30</string>
				<key>isa</key>
				<string>PBXFileReference</string>
				<key>name</key>
				<string>ofxAVUISoundFxDelay.h</string>
				<key>path</key>
				<string>../../../addons/ofxAVUI/src/audio/ofxAVUISoundFxDelay.h</string>
				<key>sourceTree</key>
				<string>SOURCE_ROOT</string>
			</dict>
			<key>670E8403DA22CFFAE780D6C5</key>
			<dict>
				<key>fileRef</key>
				<string>5DE0BC8F25991E32EB25A5A5</string>
				<key>isa</key>
				<string>PBXBuildFile</string>
			</dict>
			<key>5DE0BC8F25991E32EB25A5A5</key>
			<dict>
				<key>explicitFileType</key>
				<string>sourcecode.cpp.cpp</string>
				<key>fileEncoding</key>
				<string>30</string>
				<key>isa</key>
				<string>PBXFileReference</string>
				<key>name</key>
				<string>ofxAVUISoundFxDelay.cpp</string>
				<key>path</key>
				<string>../../../addons/ofxAVUI/src/audio/ofxAVUISoundFxDelay.cpp</string>
				<key>sourceTree</key>
				<string>SOURCE_ROOT</string>
			</dict>
			<key>1F70CB3315D85D4CB3241017</key>
			<dict>
				<key>explicitFileType</key>
				<string>sourcecode.c.h</string>
				<key>fileEncoding</key>
				<string>30</string>
				<key>isa</key>
				<string>PBXFileReference</string>
				<key>name</key>
				<string>ofxAVUISoundFxBase.h</string>
				<key>path</key>
				<string>../../../addons/ofxAVUI/src/audio/ofxAVUISoundFxBase.h</string>
				<key>sourceTree</key>
				<string>SOURCE_ROOT</string>
			</dict>
			<key>11884E70528704B604A36DDA</key>
			<dict>
				<key>children</key>
				<array>
					<string>C6A009871A69CF429E9BBA63</string>
					<string>1F70CB3315D85D4CB3241017</string>
					<string>5DE0BC8F25991E32EB25A5A5</string>
					<string>ECB06B32D9FEBFE6FB16331D</string>
					<string>448DD4652C71F9A535D83A8F</string>
					<string>CC23070B58F66E31D237AB42</string>
				</array>
				<key>isa</key>
				<string>PBXGroup</string>
				<key>name</key>
				<string>audio</string>
				<key>sourceTree</key>
				<string>&lt;group&gt;</string>
			</dict>
			<key>65F9E8DBBD355A20896DE10F</key>
			<dict>
				<key>children</key>
				<array>
					<string>11884E70528704B604A36DDA</string>
					<string>DD322A282CBF90616388CFB0</string>
					<string>35EA70B41CA03E7EC4418D82</string>
					<string>9E62A58D650BA7D69BB4E30C</string>
					<string>B1E41B64BB7515E35D1507D8</string>
					<string>5878B9A09165D38B5FBA605B</string>
					<string>E5923C28187E8E5261F5C68C</string>
					<string>A5FA32F4526F55D3C8E3461B</string>
				</array>
				<key>isa</key>
				<string>PBXGroup</string>
				<key>name</key>
				<string>src</string>
				<key>sourceTree</key>
				<string>&lt;group&gt;</string>
			</dict>
			<key>4903EEC6769AB52925A38958</key>
			<dict>
				<key>children</key>
				<array>
					<string>65F9E8DBBD355A20896DE10F</string>
				</array>
				<key>isa</key>
				<string>PBXGroup</string>
				<key>name</key>
				<string>ofxAVUI</string>
				<key>sourceTree</key>
				<string>&lt;group&gt;</string>
			</dict>
			<key>142749F47852A482629865FD</key>
			<dict>
				<key>fileRef</key>
				<string>C6A009871A69CF429E9BBA63</string>
				<key>isa</key>
				<string>PBXBuildFile</string>
			</dict>
			<key>C6A009871A69CF429E9BBA63</key>
			<dict>
				<key>explicitFileType</key>
				<string>sourcecode.cpp.cpp</string>
				<key>fileEncoding</key>
				<string>30</string>
				<key>isa</key>
				<string>PBXFileReference</string>
				<key>name</key>
				<string>ofxAVUISoundFxBase.cpp</string>
				<key>path</key>
				<string>../../../addons/ofxAVUI/src/audio/ofxAVUISoundFxBase.cpp</string>
				<key>sourceTree</key>
				<string>SOURCE_ROOT</string>
			</dict>
			<key>BB4B014C10F69532006C3DED</key>
			<dict>
				<key>children</key>
				<array>
					<string>4903EEC6769AB52925A38958</string>
					<string>6234D3BCE87D1C3BA2230F19</string>
					<string>7F3C04577424427D348B1425</string>
				</array>
				<key>isa</key>
				<string>PBXGroup</string>
				<key>name</key>
				<string>addons</string>
				<key>sourceTree</key>
				<string>&lt;group&gt;</string>
			</dict>
			<key>6948EE371B920CB800B5AC1A</key>
			<dict>
				<key>children</key>
				<array />
				<key>isa</key>
				<string>PBXGroup</string>
				<key>name</key>
				<string>local_addons</string>
				<key>sourceTree</key>
				<string>&lt;group&gt;</string>
			</dict>
			<key>E4328143138ABC890047C5CB</key>
			<dict>
				<key>isa</key>
				<string>PBXFileReference</string>
				<key>lastKnownFileType</key>
				<string>wrapper.pb-project</string>
				<key>name</key>
				<string>openFrameworksLib.xcodeproj</string>
				<key>path</key>
				<string>../../../libs/openFrameworksCompiled/project/osx/openFrameworksLib.xcodeproj</string>
				<key>sourceTree</key>
				<string>SOURCE_ROOT</string>
			</dict>
			<key>E4328144138ABC890047C5CB</key>
			<dict>
				<key>children</key>
				<array>
					<string>E4328148138ABC890047C5CB</string>
				</array>
				<key>isa</key>
				<string>PBXGroup</string>
				<key>name</key>
				<string>Products</string>
				<key>sourceTree</key>
				<string>&lt;group&gt;</string>
			</dict>
			<key>E4328147138ABC890047C5CB</key>
			<dict>
				<key>containerPortal</key>
				<string>E4328143138ABC890047C5CB</string>
				<key>isa</key>
				<string>PBXContainerItemProxy</string>
				<key>proxyType</key>
				<string>2</string>
				<key>remoteGlobalIDString</key>
				<string>E4B27C1510CBEB8E00536013</string>
				<key>remoteInfo</key>
				<string>openFrameworks</string>
			</dict>
			<key>E4328148138ABC890047C5CB</key>
			<dict>
				<key>fileType</key>
				<string>archive.ar</string>
				<key>isa</key>
				<string>PBXReferenceProxy</string>
				<key>path</key>
				<string>openFrameworksDebug.a</string>
				<key>remoteRef</key>
				<string>E4328147138ABC890047C5CB</string>
				<key>sourceTree</key>
				<string>BUILT_PRODUCTS_DIR</string>
			</dict>
			<key>E4328149138ABC9F0047C5CB</key>
			<dict>
				<key>fileRef</key>
				<string>E4328148138ABC890047C5CB</string>
				<key>isa</key>
				<string>PBXBuildFile</string>
			</dict>
			<key>E4B69B4A0A3A1720003C02F2</key>
			<dict>
				<key>children</key>
				<array>
					<string>E4B6FCAD0C3E899E008CF71C</string>
					<string>E4EB6923138AFD0F00A09F29</string>
					<string>E4B69E1C0A3A1BDC003C02F2</string>
					<string>E4EEC9E9138DF44700A80321</string>
					<string>BB4B014C10F69532006C3DED</string>
					<string>6948EE371B920CB800B5AC1A</string>
					<string>E4B69B5B0A3A1756003C02F2</string>
				</array>
				<key>isa</key>
				<string>PBXGroup</string>
				<key>sourceTree</key>
				<string>&lt;group&gt;</string>
			</dict>
			<key>E4B69B4C0A3A1720003C02F2</key>
			<dict>
				<key>attributes</key>
				<dict>
					<key>LastUpgradeCheck</key>
					<string>0600</string>
				</dict>
				<key>buildConfigurationList</key>
				<string>E4B69B4D0A3A1720003C02F2</string>
				<key>compatibilityVersion</key>
				<string>Xcode 3.2</string>
				<key>developmentRegion</key>
				<string>English</string>
				<key>hasScannedForEncodings</key>
				<string>0</string>
				<key>isa</key>
				<string>PBXProject</string>
				<key>knownRegions</key>
				<array>
					<string>English</string>
					<string>Japanese</string>
					<string>French</string>
					<string>German</string>
				</array>
				<key>mainGroup</key>
				<string>E4B69B4A0A3A1720003C02F2</string>
				<key>productRefGroup</key>
				<string>E4B69B4A0A3A1720003C02F2</string>
				<key>projectDirPath</key>
				<string />
				<key>projectReferences</key>
				<array>
					<dict>
						<key>ProductGroup</key>
						<string>E4328144138ABC890047C5CB</string>
						<key>ProjectRef</key>
						<string>E4328143138ABC890047C5CB</string>
					</dict>
				</array>
				<key>projectRoot</key>
				<string />
				<key>targets</key>
				<array>
					<string>E4B69B5A0A3A1756003C02F2</string>
				</array>
			</dict>
			<key>E4B69B4D0A3A1720003C02F2</key>
			<dict>
				<key>buildConfigurations</key>
				<array>
					<string>E4B69B4E0A3A1720003C02F2</string>
					<string>E4B69B4F0A3A1720003C02F2</string>
				</array>
				<key>defaultConfigurationIsVisible</key>
				<string>0</string>
				<key>defaultConfigurationName</key>
				<string>Release</string>
				<key>isa</key>
				<string>XCConfigurationList</string>
			</dict>
			<key>E4B69B4E0A3A1720003C02F2</key>
			<dict>
				<key>baseConfigurationReference</key>
				<string>E4EB6923138AFD0F00A09F29</string>
				<key>buildSettings</key>
				<dict>
					<key>HEADER_SEARCH_PATHS</key>
					<array>
						<string>$(OF_CORE_HEADERS)</string>
						<string>src</string>
						<string>../../../addons/ofxAVUI/src</string>
						<string>../../../addons/ofxAVUI/src/UI</string>
						<string>../../../addons/ofxAVUI/src/audio</string>
						<string>../../../addons/ofxAVUI/src/visual</string>
						<string>../../../addons/ofxMaxim/libs</string>
						<string>../../../addons/ofxMaxim/src</string>
						<string>../../../addons/ofxSyphon/libs</string>
						<string>../../../addons/ofxSyphon/libs/Syphon</string>
						<string>../../../addons/ofxSyphon/libs/Syphon/lib</string>
						<string>../../../addons/ofxSyphon/libs/Syphon/lib/osx</string>
						<string>../../../addons/ofxSyphon/libs/Syphon/src</string>
						<string>../../../addons/ofxSyphon/src</string>
					</array>
					<key>CONFIGURATION_BUILD_DIR</key>
					<string>$(SRCROOT)/bin/</string>
					<key>COPY_PHASE_STRIP</key>
					<string>NO</string>
					<key>DEAD_CODE_STRIPPING</key>
					<string>YES</string>
					<key>GCC_AUTO_VECTORIZATION</key>
					<string>YES</string>
					<key>GCC_ENABLE_SSE3_EXTENSIONS</key>
					<string>YES</string>
					<key>GCC_ENABLE_SUPPLEMENTAL_SSE3_INSTRUCTIONS</key>
					<string>YES</string>
					<key>GCC_INLINES_ARE_PRIVATE_EXTERN</key>
					<string>NO</string>
					<key>GCC_OPTIMIZATION_LEVEL</key>
					<string>0</string>
					<key>GCC_SYMBOLS_PRIVATE_EXTERN</key>
					<string>NO</string>
					<key>GCC_WARN_ABOUT_DEPRECATED_FUNCTIONS</key>
					<string>YES</string>
					<key>GCC_WARN_ABOUT_INVALID_OFFSETOF_MACRO</key>
					<string>NO</string>
					<key>GCC_WARN_ALLOW_INCOMPLETE_PROTOCOL</key>
					<string>NO</string>
					<key>GCC_WARN_UNINITIALIZED_AUTOS</key>
					<string>NO</string>
					<key>GCC_WARN_UNUSED_VALUE</key>
					<string>NO</string>
					<key>GCC_WARN_UNUSED_VARIABLE</key>
					<string>NO</string>
					<key>MACOSX_DEPLOYMENT_TARGET</key>
					<string>10.8</string>
					<key>ONLY_ACTIVE_ARCH</key>
					<string>YES</string>
					<key>OTHER_CPLUSPLUSFLAGS</key>
					<array>
						<string>-D__MACOSX_CORE__</string>
						<string>-mtune=native</string>
					</array>
					<key>SDKROOT</key>
					<string>macosx</string>
				</dict>
				<key>isa</key>
				<string>XCBuildConfiguration</string>
				<key>name</key>
				<string>Debug</string>
			</dict>
			<key>E4B69B4F0A3A1720003C02F2</key>
			<dict>
				<key>baseConfigurationReference</key>
				<string>E4EB6923138AFD0F00A09F29</string>
				<key>buildSettings</key>
				<dict>
					<key>HEADER_SEARCH_PATHS</key>
					<array>
						<string>$(OF_CORE_HEADERS)</string>
						<string>src</string>
						<string>../../../addons/ofxAVUI/src</string>
						<string>../../../addons/ofxAVUI/src/UI</string>
						<string>../../../addons/ofxAVUI/src/audio</string>
						<string>../../../addons/ofxAVUI/src/visual</string>
						<string>../../../addons/ofxMaxim/libs</string>
						<string>../../../addons/ofxMaxim/src</string>
						<string>../../../addons/ofxSyphon/libs</string>
						<string>../../../addons/ofxSyphon/libs/Syphon</string>
						<string>../../../addons/ofxSyphon/libs/Syphon/lib</string>
						<string>../../../addons/ofxSyphon/libs/Syphon/lib/osx</string>
						<string>../../../addons/ofxSyphon/libs/Syphon/src</string>
						<string>../../../addons/ofxSyphon/src</string>
					</array>
					<key>CONFIGURATION_BUILD_DIR</key>
					<string>$(SRCROOT)/bin/</string>
					<key>COPY_PHASE_STRIP</key>
					<string>YES</string>
					<key>DEAD_CODE_STRIPPING</key>
					<string>YES</string>
					<key>GCC_AUTO_VECTORIZATION</key>
					<string>YES</string>
					<key>GCC_ENABLE_SSE3_EXTENSIONS</key>
					<string>YES</string>
					<key>GCC_ENABLE_SUPPLEMENTAL_SSE3_INSTRUCTIONS</key>
					<string>YES</string>
					<key>GCC_INLINES_ARE_PRIVATE_EXTERN</key>
					<string>NO</string>
					<key>GCC_OPTIMIZATION_LEVEL</key>
					<string>3</string>
					<key>GCC_SYMBOLS_PRIVATE_EXTERN</key>
					<string>NO</string>
					<key>GCC_UNROLL_LOOPS</key>
					<string>YES</string>
					<key>GCC_WARN_ABOUT_DEPRECATED_FUNCTIONS</key>
					<string>YES</string>
					<key>GCC_WARN_ABOUT_INVALID_OFFSETOF_MACRO</key>
					<string>NO</string>
					<key>GCC_WARN_ALLOW_INCOMPLETE_PROTOCOL</key>
					<string>NO</string>
					<key>GCC_WARN_UNINITIALIZED_AUTOS</key>
					<string>NO</string>
					<key>GCC_WARN_UNUSED_VALUE</key>
					<string>NO</string>
					<key>GCC_WARN_UNUSED_VARIABLE</key>
					<string>NO</string>
					<key>MACOSX_DEPLOYMENT_TARGET</key>
					<string>10.8</string>
					<key>OTHER_CPLUSPLUSFLAGS</key>
					<array>
						<string>-D__MACOSX_CORE__</string>
						<string>-mtune=native</string>
					</array>
					<key>SDKROOT</key>
					<string>macosx</string>
				</dict>
				<key>isa</key>
				<string>XCBuildConfiguration</string>
				<key>name</key>
				<string>Release</string>
			</dict>
			<key>E4B69B580A3A1756003C02F2</key>
			<dict>
				<key>buildActionMask</key>
				<string>2147483647</string>
				<key>files</key>
				<array>
					<string>E4B69E200A3A1BDC003C02F2</string>
					<string>E4B69E210A3A1BDC003C02F2</string>
					<string>142749F47852A482629865FD</string>
					<string>670E8403DA22CFFAE780D6C5</string>
					<string>5FB53EC99B635D2CC2E1F51E</string>
					<string>C1AE721F9593BEDF1BA54875</string>
					<string>A58208A3BFB918B587F4194C</string>
					<string>F912A444692510FD96AB09F8</string>
					<string>94A68BB37AFE56F428EA55FA</string>
					<string>23F459E0E5135DF419D675B5</string>
					<string>DC03625DEACDA5A83114FB37</string>
					<string>4DFA1E345C3C74880C3BFF37</string>
					<string>9D0946EDFC36FDAA66E8697E</string>
					<string>C19BAC2B1AEBCD4E63E54CA1</string>
					<string>D5C24F69F7E7C3FA5FED708B</string>
					<string>D884B0747F00654A6CC2F40C</string>
					<string>7F2974D15259295C606877E1</string>
					<string>6AC13132092AB85DE61A0E73</string>
					<string>F243A4D87BF16C7441721F6B</string>
					<string>89F950D3258358D64801996C</string>
					<string>0FCED26D40D46CF89A58E54C</string>
					<string>5C4A4AA5D4784DF23EA43038</string>
					<string>ABA8875AF0C06690CC0B92B1</string>
					<string>96084990AF216648B8B98E00</string>
					<string>AF0580829426DC6BCA135A5C</string>
					<string>083FB2094A4DE99F5A60397A</string>
					<string>22F21CE3B902225374BA1CA2</string>
					<string>9514C2D90467055B1447D074</string>
					<string>1F558B76FB3412843DDAA031</string>
					<string>8D60C222CBD3F869382832E9</string>
					<string>11DF9AB1B4EAA63E3B190CA0</string>
					<string>C9109422648B170B07A778CF</string>
				</array>
				<key>isa</key>
				<string>PBXSourcesBuildPhase</string>
				<key>runOnlyForDeploymentPostprocessing</key>
				<string>0</string>
			</dict>
			<key>E4B69B590A3A1756003C02F2</key>
			<dict>
				<key>buildActionMask</key>
				<string>2147483647</string>
				<key>files</key>
				<array>
					<string>E4328149138ABC9F0047C5CB</string>
					<string>E1A3FD40C8BCD507345F1126</string>
				</array>
				<key>isa</key>
				<string>PBXFrameworksBuildPhase</string>
				<key>runOnlyForDeploymentPostprocessing</key>
				<string>0</string>
			</dict>
			<key>E4B69B5A0A3A1756003C02F2</key>
			<dict>
				<key>buildConfigurationList</key>
				<string>E4B69B5F0A3A1757003C02F2</string>
				<key>buildPhases</key>
				<array>
					<string>E4B69B580A3A1756003C02F2</string>
					<string>E4B69B590A3A1756003C02F2</string>
					<string>E4B6FFFD0C3F9AB9008CF71C</string>
					<string>E4C2427710CC5ABF004149E2</string>
				</array>
				<key>buildRules</key>
				<array />
				<key>dependencies</key>
				<array>
					<string>E4EEB9AC138B136A00A80321</string>
				</array>
				<key>isa</key>
				<string>PBXNativeTarget</string>
				<key>name</key>
				<string>example-lissajousGrid</string>
				<key>productName</key>
				<string>myOFApp</string>
				<key>productReference</key>
				<string>E4B69B5B0A3A1756003C02F2</string>
				<key>productType</key>
				<string>com.apple.product-type.application</string>
			</dict>
			<key>E4B69B5B0A3A1756003C02F2</key>
			<dict>
				<key>explicitFileType</key>
				<string>wrapper.application</string>
				<key>includeInIndex</key>
				<string>0</string>
				<key>isa</key>
				<string>PBXFileReference</string>
				<key>path</key>
				<string>example-lissajousGridDebug.app</string>
				<key>sourceTree</key>
				<string>BUILT_PRODUCTS_DIR</string>
			</dict>
			<key>E4B69B5F0A3A1757003C02F2</key>
			<dict>
				<key>buildConfigurations</key>
				<array>
					<string>E4B69B600A3A1757003C02F2</string>
					<string>E4B69B610A3A1757003C02F2</string>
				</array>
				<key>defaultConfigurationIsVisible</key>
				<string>0</string>
				<key>defaultConfigurationName</key>
				<string>Release</string>
				<key>isa</key>
				<string>XCConfigurationList</string>
			</dict>
			<key>E4B69B600A3A1757003C02F2</key>
			<dict>
				<key>baseConfigurationReference</key>
				<string>E4EB6923138AFD0F00A09F29</string>
				<key>buildSettings</key>
				<dict>
					<key>HEADER_SEARCH_PATHS</key>
					<array>
						<string>$(OF_CORE_HEADERS)</string>
						<string>src</string>
						<string>../../../addons/ofxAVUI/src</string>
						<string>../../../addons/ofxAVUI/src/UI</string>
						<string>../../../addons/ofxAVUI/src/audio</string>
						<string>../../../addons/ofxAVUI/src/visual</string>
						<string>../../../addons/ofxMaxim/libs</string>
						<string>../../../addons/ofxMaxim/src</string>
						<string>../../../addons/ofxSyphon/libs</string>
						<string>../../../addons/ofxSyphon/libs/Syphon</string>
						<string>../../../addons/ofxSyphon/libs/Syphon/lib</string>
						<string>../../../addons/ofxSyphon/libs/Syphon/lib/osx</string>
						<string>../../../addons/ofxSyphon/libs/Syphon/src</string>
						<string>../../../addons/ofxSyphon/src</string>
					</array>
					<key>COMBINE_HIDPI_IMAGES</key>
					<string>YES</string>
					<key>COPY_PHASE_STRIP</key>
					<string>NO</string>
					<key>FRAMEWORK_SEARCH_PATHS</key>
					<array>
						<string>$(inherited)</string>
						<string>$(FRAMEWORK_SEARCH_PATHS_QUOTED_FOR_TARGET_1)</string>
						<string>../../../addons/ofxSyphon/libs/Syphon/lib/osx</string>
					</array>
					<key>FRAMEWORK_SEARCH_PATHS_QUOTED_FOR_TARGET_1</key>
					<string>"$(SRCROOT)/../../../libs/glut/lib/osx"</string>
					<key>GCC_DYNAMIC_NO_PIC</key>
					<string>NO</string>
					<key>GCC_GENERATE_DEBUGGING_SYMBOLS</key>
					<string>YES</string>
					<key>GCC_MODEL_TUNING</key>
					<string>NONE</string>
					<key>ICON</key>
					<string>$(ICON_NAME_DEBUG)</string>
					<key>ICON_FILE</key>
					<string>$(ICON_FILE_PATH)$(ICON)</string>
					<key>INFOPLIST_FILE</key>
					<string>openFrameworks-Info.plist</string>
					<key>INSTALL_PATH</key>
					<string>$(HOME)/Applications</string>
					<key>LIBRARY_SEARCH_PATHS</key>
					<string>$(inherited)</string>
					<key>PRODUCT_NAME</key>
					<string>$(TARGET_NAME)Debug</string>
					<key>WRAPPER_EXTENSION</key>
					<string>app</string>
				</dict>
				<key>isa</key>
				<string>XCBuildConfiguration</string>
				<key>name</key>
				<string>Debug</string>
			</dict>
			<key>E4B69B610A3A1757003C02F2</key>
			<dict>
				<key>baseConfigurationReference</key>
				<string>E4EB6923138AFD0F00A09F29</string>
				<key>buildSettings</key>
				<dict>
					<key>HEADER_SEARCH_PATHS</key>
					<array>
						<string>$(OF_CORE_HEADERS)</string>
						<string>src</string>
						<string>../../../addons/ofxAVUI/src</string>
						<string>../../../addons/ofxAVUI/src/UI</string>
						<string>../../../addons/ofxAVUI/src/audio</string>
						<string>../../../addons/ofxAVUI/src/visual</string>
						<string>../../../addons/ofxMaxim/libs</string>
						<string>../../../addons/ofxMaxim/src</string>
						<string>../../../addons/ofxSyphon/libs</string>
						<string>../../../addons/ofxSyphon/libs/Syphon</string>
						<string>../../../addons/ofxSyphon/libs/Syphon/lib</string>
						<string>../../../addons/ofxSyphon/libs/Syphon/lib/osx</string>
						<string>../../../addons/ofxSyphon/libs/Syphon/src</string>
						<string>../../../addons/ofxSyphon/src</string>
					</array>
					<key>COMBINE_HIDPI_IMAGES</key>
					<string>YES</string>
					<key>COPY_PHASE_STRIP</key>
					<string>YES</string>
					<key>FRAMEWORK_SEARCH_PATHS</key>
					<array>
						<string>$(inherited)</string>
						<string>$(FRAMEWORK_SEARCH_PATHS_QUOTED_FOR_TARGET_1)</string>
						<string>../../../addons/ofxSyphon/libs/Syphon/lib/osx</string>
					</array>
					<key>FRAMEWORK_SEARCH_PATHS_QUOTED_FOR_TARGET_1</key>
					<string>"$(SRCROOT)/../../../libs/glut/lib/osx"</string>
					<key>GCC_GENERATE_DEBUGGING_SYMBOLS</key>
					<string>YES</string>
					<key>GCC_MODEL_TUNING</key>
					<string>NONE</string>
					<key>ICON</key>
					<string>$(ICON_NAME_RELEASE)</string>
					<key>ICON_FILE</key>
					<string>$(ICON_FILE_PATH)$(ICON)</string>
					<key>INFOPLIST_FILE</key>
					<string>openFrameworks-Info.plist</string>
					<key>INSTALL_PATH</key>
					<string>$(HOME)/Applications</string>
					<key>LIBRARY_SEARCH_PATHS</key>
					<string>$(inherited)</string>
					<key>PRODUCT_NAME</key>
					<string>$(TARGET_NAME)</string>
					<key>WRAPPER_EXTENSION</key>
					<string>app</string>
					<key>baseConfigurationReference</key>
					<string>E4EB6923138AFD0F00A09F29</string>
				</dict>
				<key>isa</key>
				<string>XCBuildConfiguration</string>
				<key>name</key>
				<string>Release</string>
			</dict>
			<key>E4B69E1C0A3A1BDC003C02F2</key>
			<dict>
				<key>children</key>
				<array>
					<string>E4B69E1D0A3A1BDC003C02F2</string>
					<string>E4B69E1E0A3A1BDC003C02F2</string>
					<string>E4B69E1F0A3A1BDC003C02F2</string>
				</array>
				<key>isa</key>
				<string>PBXGroup</string>
				<key>path</key>
				<string>src</string>
				<key>sourceTree</key>
				<string>SOURCE_ROOT</string>
			</dict>
			<key>E4B69E1D0A3A1BDC003C02F2</key>
			<dict>
				<key>fileEncoding</key>
				<string>30</string>
				<key>isa</key>
				<string>PBXFileReference</string>
				<key>lastKnownFileType</key>
				<string>sourcecode.cpp.cpp</string>
				<key>name</key>
				<string>main.cpp</string>
				<key>path</key>
				<string>src/main.cpp</string>
				<key>sourceTree</key>
				<string>SOURCE_ROOT</string>
			</dict>
			<key>E4B69E1E0A3A1BDC003C02F2</key>
			<dict>
				<key>explicitFileType</key>
				<string>sourcecode.cpp.cpp</string>
				<key>fileEncoding</key>
				<string>30</string>
				<key>isa</key>
				<string>PBXFileReference</string>
				<key>name</key>
				<string>ofApp.cpp</string>
				<key>path</key>
				<string>src/ofApp.cpp</string>
				<key>sourceTree</key>
				<string>SOURCE_ROOT</string>
			</dict>
			<key>E4B69E1F0A3A1BDC003C02F2</key>
			<dict>
				<key>fileEncoding</key>
				<string>30</string>
				<key>isa</key>
				<string>PBXFileReference</string>
				<key>lastKnownFileType</key>
				<string>sourcecode.c.h</string>
				<key>name</key>
				<string>ofApp.h</string>
				<key>path</key>
				<string>src/ofApp.h</string>
				<key>sourceTree</key>
				<string>SOURCE_ROOT</string>
			</dict>
			<key>E4B69E200A3A1BDC003C02F2</key>
			<dict>
				<key>fileRef</key>
				<string>E4B69E1D0A3A1BDC003C02F2</string>
				<key>isa</key>
				<string>PBXBuildFile</string>
			</dict>
			<key>E4B69E210A3A1BDC003C02F2</key>
			<dict>
				<key>fileRef</key>
				<string>E4B69E1E0A3A1BDC003C02F2</string>
				<key>isa</key>
				<string>PBXBuildFile</string>
			</dict>
			<key>E4B6FCAD0C3E899E008CF71C</key>
			<dict>
				<key>fileEncoding</key>
				<string>30</string>
				<key>isa</key>
				<string>PBXFileReference</string>
				<key>lastKnownFileType</key>
				<string>text.plist.xml</string>
				<key>path</key>
				<string>openFrameworks-Info.plist</string>
				<key>sourceTree</key>
				<string>&lt;group&gt;</string>
			</dict>
			<key>E4B6FFFD0C3F9AB9008CF71C</key>
			<dict>
				<key>buildActionMask</key>
				<string>2147483647</string>
				<key>files</key>
				<array />
				<key>inputPaths</key>
				<array />
				<key>isa</key>
				<string>PBXShellScriptBuildPhase</string>
				<key>outputPaths</key>
				<array />
				<key>runOnlyForDeploymentPostprocessing</key>
				<string>0</string>
				<key>shellPath</key>
				<string>/bin/sh</string>
				<key>shellScript</key>
				<string>rsync -aved ../../../libs/fmodex/lib/osx/libfmodex.dylib "$TARGET_BUILD_DIR/$PRODUCT_NAME.app/Contents/MacOS/"; install_name_tool -change ./libfmodex.dylib @executable_path/libfmodex.dylib "$TARGET_BUILD_DIR/$PRODUCT_NAME.app/Contents/MacOS/$PRODUCT_NAME";
mkdir -p "$TARGET_BUILD_DIR/$PRODUCT_NAME.app/Contents/Resources/"
rsync -aved "$ICON_FILE" "$TARGET_BUILD_DIR/$PRODUCT_NAME.app/Contents/Resources/"
rsync -aved ../../../libs/glut/lib/osx/GLUT.framework "$TARGET_BUILD_DIR/$PRODUCT_NAME.app/Contents/Frameworks/"
</string>
			</dict>
			<key>E4C2427710CC5ABF004149E2</key>
			<dict>
				<key>buildActionMask</key>
				<string>2147483647</string>
				<key>dstPath</key>
				<string />
				<key>dstSubfolderSpec</key>
				<string>10</string>
				<key>files</key>
				<array>
					<string>4D508D34156E7076531D9084</string>
				</array>
				<key>isa</key>
				<string>PBXCopyFilesBuildPhase</string>
				<key>runOnlyForDeploymentPostprocessing</key>
				<string>0</string>
			</dict>
			<key>E4EB691F138AFCF100A09F29</key>
			<dict>
				<key>fileEncoding</key>
				<string>4</string>
				<key>isa</key>
				<string>PBXFileReference</string>
				<key>lastKnownFileType</key>
				<string>text.xcconfig</string>
				<key>name</key>
				<string>CoreOF.xcconfig</string>
				<key>path</key>
				<string>../../../libs/openFrameworksCompiled/project/osx/CoreOF.xcconfig</string>
				<key>sourceTree</key>
				<string>SOURCE_ROOT</string>
			</dict>
			<key>E4EB6923138AFD0F00A09F29</key>
			<dict>
				<key>fileEncoding</key>
				<string>4</string>
				<key>isa</key>
				<string>PBXFileReference</string>
				<key>lastKnownFileType</key>
				<string>text.xcconfig</string>
				<key>path</key>
				<string>Project.xcconfig</string>
				<key>sourceTree</key>
				<string>&lt;group&gt;</string>
			</dict>
			<key>E4EEB9AB138B136A00A80321</key>
			<dict>
				<key>containerPortal</key>
				<string>E4328143138ABC890047C5CB</string>
				<key>isa</key>
				<string>PBXContainerItemProxy</string>
				<key>proxyType</key>
				<string>1</string>
				<key>remoteGlobalIDString</key>
				<string>E4B27C1410CBEB8E00536013</string>
				<key>remoteInfo</key>
				<string>openFrameworks</string>
			</dict>
			<key>E4EEB9AC138B136A00A80321</key>
			<dict>
				<key>isa</key>
				<string>PBXTargetDependency</string>
				<key>name</key>
				<string>openFrameworks</string>
				<key>targetProxy</key>
				<string>E4EEB9AB138B136A00A80321</string>
			</dict>
			<key>E4EEC9E9138DF44700A80321</key>
			<dict>
				<key>children</key>
				<array>
					<string>E4EB691F138AFCF100A09F29</string>
					<string>E4328143138ABC890047C5CB</string>
				</array>
				<key>isa</key>
				<string>PBXGroup</string>
				<key>name</key>
				<string>openFrameworks</string>
				<key>sourceTree</key>
				<string>&lt;group&gt;</string>
			</dict>
		</dict>
		<key>rootObject</key>
		<string>E4B69B4C0A3A1720003C02F2</string>
	</dict>
</plist>
